{
  "schema_version": "behavior-ci-tasklock/v2",
  "task_id": "g1_weld_approach",
  "task_version": "1",
  "grader_entrypoint": "behavior_ci_run_trial",
  "digests": {
    "grader_isaac.py": "e0a0dc93332e46d35d2c08b083c3cef927b3f110fb2ab545cca6a3ff4488b914",
    "task.py": "4ee0190668f5e87e9c60ec99455e014856c68e65d8d92d9555c85186091c6536",
    "task.toml": "9e480569c563549c9c21cfb8600af953e58e7511d7fdfd10d7b42eac7f1b6534"
  }
}
